// =====================================================
//  Runner.xcodeproj/project.pbxproj (수정 완료 버전)
// =====================================================

objectVersion = 54;

/* Begin PBXProject section */
	97C146E61CF9000F007C117D /* Project object */ = {
		isa = PBXProject;
		attributes = {
			LastUpgradeCheck = 1540;
			ORGANIZATIONNAME = "ManyLangs";
			TargetAttributes = {
				97C146ED1CF9000F007C117D = {
					CreatedOnToolsVersion = 15.4;
				};
			};
		};
		buildConfigurationList = 97C146E91CF9000F007C117D /* Build configuration list for PBXProject "Runner" */;
		compatibilityVersion = "Xcode 15.0";
		developmentRegion = en;
		hasScannedForEncodings = 0;
		knownRegions = (en, Base);
		mainGroup = 97C146E51CF9000F007C117D;
		productRefGroup = 97C146EF1CF9000F007C117D /* Products */;
		projectDirPath = "";
		projectRoot = "";
		targets = (97C146ED1CF9000F007C117D /* Runner */);
	};
/* End PBXProject section */

/* Begin PBXNativeTarget section */
	97C146ED1CF9000F007C117D /* Runner */ = {
		isa = PBXNativeTarget;
		buildConfigurationList = 97C146F01CF9000F007C117D /* Build configuration list for PBXNativeTarget "Runner" */;
		buildPhases = (
			9740EEB61CF901F6004384FC /* Run Script */,
			97C146E81CF9000F007C117D /* Sources */,
			97C146E91CF9000F007C117D /* Frameworks */,
			97C146EA1CF9000F007C117D /* Resources */,
		);
		buildRules = ();
		dependencies = ();
		name = Runner;
		productName = Runner;
		productReference = 97C146EE1CF9000F007C117D /* Runner.app */;
		productType = "com.apple.product-type.application";
	};
/* End PBXNativeTarget section */

/* Begin XCBuildConfiguration section */
	97C146EA1CF9000F007C117D /* Debug */ = {
		isa = XCBuildConfiguration;
		buildSettings = {
			ASSETCATALOG_COMPILER_APPICON_NAME = AppIcon;
			CLANG_ENABLE_MODULES = YES;
			CURRENT_PROJECT_VERSION = 1;
			DEVELOPMENT_TEAM = "";
			ENABLE_BITCODE = NO;
			INFOPLIST_FILE = Runner/Info.plist;
			LD_RUNPATH_SEARCH_PATHS = (
				"$(inherited)",
				"@executable_path/Frameworks",
			);
			PRODUCT_BUNDLE_IDENTIFIER = studio.manylangs.app;
			PRODUCT_NAME = "$(TARGET_NAME)";
			SWIFT_OBJC_BRIDGING_HEADER = "Runner/Runner-Bridging-Header.h";
			SWIFT_VERSION = 5.0;
			TARGETED_DEVICE_FAMILY = "1,2";
			VERSIONING_SYSTEM = "apple-generic";
		};
		name = Debug;
	};
	97C146EB1CF9000F007C117D /* Release */ = {
		isa = XCBuildConfiguration;
		buildSettings = {
			ASSETCATALOG_COMPILER_APPICON_NAME = AppIcon;
			CLANG_ENABLE_MODULES = YES;
			CURRENT_PROJECT_VERSION = 1;
			DEVELOPMENT_TEAM = "";
			ENABLE_BITCODE = NO;
			INFOPLIST_FILE = Runner/Info.plist;
			LD_RUNPATH_SEARCH_PATHS = (
				"$(inherited)",
				"@executable_path/Frameworks",
			);
			PRODUCT_BUNDLE_IDENTIFIER = studio.manylangs.app;
			PRODUCT_NAME = "$(TARGET_NAME)";
			SWIFT_OBJC_BRIDGING_HEADER = "Runner/Runner-Bridging-Header.h";
			SWIFT_VERSION = 5.0;
			TARGETED_DEVICE_FAMILY = "1,2";
			VERSIONING_SYSTEM = "apple-generic";
		};
		name = Release;
	};
	97C147021CF9000F007C117D /* Profile */ = {
		isa = XCBuildConfiguration;
		buildSettings = {
			ASSETCATALOG_COMPILER_APPICON_NAME = AppIcon;
			CLANG_ENABLE_MODULES = YES;
			CURRENT_PROJECT_VERSION = 1;
			DEVELOPMENT_TEAM = "";
			ENABLE_BITCODE = NO;
			INFOPLIST_FILE = Runner/Info.plist;
			LD_RUNPATH_SEARCH_PATHS = (
				"$(inherited)",
				"@executable_path/Frameworks",
			);
			PRODUCT_BUNDLE_IDENTIFIER = studio.manylangs.app;
			PRODUCT_NAME = "$(TARGET_NAME)";
			SWIFT_OBJC_BRIDGING_HEADER = "Runner/Runner-Bridging-Header.h";
			SWIFT_VERSION = 5.0;
			TARGETED_DEVICE_FAMILY = "1,2";
			VERSIONING_SYSTEM = "apple-generic";
		};
		name = Profile;
	};
/* End XCBuildConfiguration section */

/* Begin XCConfigurationList section */
	97C146F01CF9000F007C117D /* Build configuration list for PBXNativeTarget "Runner" */ = {
		isa = XCConfigurationList;
		buildConfigurations = (
			97C146EA1CF9000F007C117D /* Debug */,
			97C146EB1CF9000F007C117D /* Release */,
			97C147021CF9000F007C117D /* Profile */,
		);
		defaultConfigurationIsVisible = 0;
		defaultConfigurationName = Release;
	};
/* End XCConfigurationList section */
